
Microsoft Visual Studio Solution File, Format Version 9.00
# Visual Studio 2005
Project("{8BC9CEB8-8B4A-11D0-8D11-00A0C91BC942}") = "liblua", "liblua.vcproj", "{6C1A1B9E-EBB9-4C53-86E8-80BD741097FB}"
EndProject
Project("{8BC9CEB8-8B4A-11D0-8D11-00A0C91BC942}") = "libtoluapp", "libtoluapp.vcproj", "{8E7FD43D-62F1-47A5-8D3E-6DE8F6EEC8F9}"
	ProjectSection(ProjectDependencies) = postProject
		{6C1A1B9E-EBB9-4C53-86E8-80BD741097FB} = {6C1A1B9E-EBB9-4C53-86E8-80BD741097FB}
		{0A2E59A5-4140-427A-881B-71D76BD9F568} = {0A2E59A5-4140-427A-881B-71D76BD9F568}
	EndProjectSection
EndProject
Project("{8BC9CEB8-8B4A-11D0-8D11-00A0C91BC942}") = "libmangos2", "libmangos2.vcproj", "{889310F5-A2B9-44F3-9F87-382ACDC5EFD6}"
EndProject
Project("{8BC9CEB8-8B4A-11D0-8D11-00A0C91BC942}") = "toluapp", "toluapp.vcproj", "{E5D523A6-757F-4FD5-B5C0-AB93EBD46EA1}"
	ProjectSection(ProjectDependencies) = postProject
		{8E7FD43D-62F1-47A5-8D3E-6DE8F6EEC8F9} = {8E7FD43D-62F1-47A5-8D3E-6DE8F6EEC8F9}
		{6C1A1B9E-EBB9-4C53-86E8-80BD741097FB} = {6C1A1B9E-EBB9-4C53-86E8-80BD741097FB}
		{0A2E59A5-4140-427A-881B-71D76BD9F568} = {0A2E59A5-4140-427A-881B-71D76BD9F568}
	EndProjectSection
EndProject
Project("{8BC9CEB8-8B4A-11D0-8D11-00A0C91BC942}") = "mangos2-authserver", "mangos2-authserver.vcproj", "{09F599E1-6E72-4A2E-99F3-B6446B04C44C}"
	ProjectSection(ProjectDependencies) = postProject
		{889310F5-A2B9-44F3-9F87-382ACDC5EFD6} = {889310F5-A2B9-44F3-9F87-382ACDC5EFD6}
	EndProjectSection
EndProject
Project("{8BC9CEB8-8B4A-11D0-8D11-00A0C91BC942}") = "mangos2-worldserver", "mangos2-worldserver.vcproj", "{C6C068CA-2CB2-4BE7-84D1-E234CC73F61E}"
	ProjectSection(ProjectDependencies) = postProject
		{E5D523A6-757F-4FD5-B5C0-AB93EBD46EA1} = {E5D523A6-757F-4FD5-B5C0-AB93EBD46EA1}
		{889310F5-A2B9-44F3-9F87-382ACDC5EFD6} = {889310F5-A2B9-44F3-9F87-382ACDC5EFD6}
	EndProjectSection
EndProject
Project("{8BC9CEB8-8B4A-11D0-8D11-00A0C91BC942}") = "liblualib", "liblualib.vcproj", "{0A2E59A5-4140-427A-881B-71D76BD9F568}"
	ProjectSection(ProjectDependencies) = postProject
		{6C1A1B9E-EBB9-4C53-86E8-80BD741097FB} = {6C1A1B9E-EBB9-4C53-86E8-80BD741097FB}
	EndProjectSection
EndProject
Global
	GlobalSection(SolutionConfigurationPlatforms) = preSolution
		Debug|Win32 = Debug|Win32
		Debug|x64 = Debug|x64
		Release|Win32 = Release|Win32
		Release|x64 = Release|x64
	EndGlobalSection
	GlobalSection(ProjectConfigurationPlatforms) = postSolution
		{6C1A1B9E-EBB9-4C53-86E8-80BD741097FB}.Debug|Win32.ActiveCfg = Debug|Win32
		{6C1A1B9E-EBB9-4C53-86E8-80BD741097FB}.Debug|Win32.Build.0 = Debug|Win32
		{6C1A1B9E-EBB9-4C53-86E8-80BD741097FB}.Debug|x64.ActiveCfg = Debug|x64
		{6C1A1B9E-EBB9-4C53-86E8-80BD741097FB}.Debug|x64.Build.0 = Debug|x64
		{6C1A1B9E-EBB9-4C53-86E8-80BD741097FB}.Release|Win32.ActiveCfg = Release|Win32
		{6C1A1B9E-EBB9-4C53-86E8-80BD741097FB}.Release|Win32.Build.0 = Release|Win32
		{6C1A1B9E-EBB9-4C53-86E8-80BD741097FB}.Release|x64.ActiveCfg = Release|x64
		{6C1A1B9E-EBB9-4C53-86E8-80BD741097FB}.Release|x64.Build.0 = Release|x64
		{8E7FD43D-62F1-47A5-8D3E-6DE8F6EEC8F9}.Debug|Win32.ActiveCfg = Debug|Win32
		{8E7FD43D-62F1-47A5-8D3E-6DE8F6EEC8F9}.Debug|Win32.Build.0 = Debug|Win32
		{8E7FD43D-62F1-47A5-8D3E-6DE8F6EEC8F9}.Debug|x64.ActiveCfg = Debug|Win32
		{8E7FD43D-62F1-47A5-8D3E-6DE8F6EEC8F9}.Debug|x64.Build.0 = Debug|Win32
		{8E7FD43D-62F1-47A5-8D3E-6DE8F6EEC8F9}.Release|Win32.ActiveCfg = Release|Win32
		{8E7FD43D-62F1-47A5-8D3E-6DE8F6EEC8F9}.Release|Win32.Build.0 = Release|Win32
		{8E7FD43D-62F1-47A5-8D3E-6DE8F6EEC8F9}.Release|x64.ActiveCfg = Release|Win32
		{8E7FD43D-62F1-47A5-8D3E-6DE8F6EEC8F9}.Release|x64.Build.0 = Release|Win32
		{889310F5-A2B9-44F3-9F87-382ACDC5EFD6}.Debug|Win32.ActiveCfg = Debug|Win32
		{889310F5-A2B9-44F3-9F87-382ACDC5EFD6}.Debug|Win32.Build.0 = Debug|Win32
		{889310F5-A2B9-44F3-9F87-382ACDC5EFD6}.Debug|x64.ActiveCfg = Debug|Win32
		{889310F5-A2B9-44F3-9F87-382ACDC5EFD6}.Debug|x64.Build.0 = Debug|Win32
		{889310F5-A2B9-44F3-9F87-382ACDC5EFD6}.Release|Win32.ActiveCfg = Release|Win32
		{889310F5-A2B9-44F3-9F87-382ACDC5EFD6}.Release|Win32.Build.0 = Release|Win32
		{889310F5-A2B9-44F3-9F87-382ACDC5EFD6}.Release|x64.ActiveCfg = Release|Win32
		{889310F5-A2B9-44F3-9F87-382ACDC5EFD6}.Release|x64.Build.0 = Release|Win32
		{E5D523A6-757F-4FD5-B5C0-AB93EBD46EA1}.Debug|Win32.ActiveCfg = Debug|Win32
		{E5D523A6-757F-4FD5-B5C0-AB93EBD46EA1}.Debug|Win32.Build.0 = Debug|Win32
		{E5D523A6-757F-4FD5-B5C0-AB93EBD46EA1}.Debug|x64.ActiveCfg = Debug|Win32
		{E5D523A6-757F-4FD5-B5C0-AB93EBD46EA1}.Debug|x64.Build.0 = Debug|Win32
		{E5D523A6-757F-4FD5-B5C0-AB93EBD46EA1}.Release|Win32.ActiveCfg = Release|Win32
		{E5D523A6-757F-4FD5-B5C0-AB93EBD46EA1}.Release|Win32.Build.0 = Release|Win32
		{E5D523A6-757F-4FD5-B5C0-AB93EBD46EA1}.Release|x64.ActiveCfg = Release|Win32
		{E5D523A6-757F-4FD5-B5C0-AB93EBD46EA1}.Release|x64.Build.0 = Release|Win32
		{09F599E1-6E72-4A2E-99F3-B6446B04C44C}.Debug|Win32.ActiveCfg = Debug|Win32
		{09F599E1-6E72-4A2E-99F3-B6446B04C44C}.Debug|Win32.Build.0 = Debug|Win32
		{09F599E1-6E72-4A2E-99F3-B6446B04C44C}.Debug|x64.ActiveCfg = Debug|Win32
		{09F599E1-6E72-4A2E-99F3-B6446B04C44C}.Debug|x64.Build.0 = Debug|Win32
		{09F599E1-6E72-4A2E-99F3-B6446B04C44C}.Release|Win32.ActiveCfg = Release|Win32
		{09F599E1-6E72-4A2E-99F3-B6446B04C44C}.Release|Win32.Build.0 = Release|Win32
		{09F599E1-6E72-4A2E-99F3-B6446B04C44C}.Release|x64.ActiveCfg = Release|Win32
		{09F599E1-6E72-4A2E-99F3-B6446B04C44C}.Release|x64.Build.0 = Release|Win32
		{C6C068CA-2CB2-4BE7-84D1-E234CC73F61E}.Debug|Win32.ActiveCfg = Debug|Win32
		{C6C068CA-2CB2-4BE7-84D1-E234CC73F61E}.Debug|x64.ActiveCfg = Debug|Win32
		{C6C068CA-2CB2-4BE7-84D1-E234CC73F61E}.Release|Win32.ActiveCfg = Release|Win32
		{C6C068CA-2CB2-4BE7-84D1-E234CC73F61E}.Release|x64.ActiveCfg = Release|Win32
		{0A2E59A5-4140-427A-881B-71D76BD9F568}.Debug|Win32.ActiveCfg = Debug|Win32
		{0A2E59A5-4140-427A-881B-71D76BD9F568}.Debug|Win32.Build.0 = Debug|Win32
		{0A2E59A5-4140-427A-881B-71D76BD9F568}.Debug|x64.ActiveCfg = Debug|x64
		{0A2E59A5-4140-427A-881B-71D76BD9F568}.Debug|x64.Build.0 = Debug|x64
		{0A2E59A5-4140-427A-881B-71D76BD9F568}.Release|Win32.ActiveCfg = Release|Win32
		{0A2E59A5-4140-427A-881B-71D76BD9F568}.Release|Win32.Build.0 = Release|Win32
		{0A2E59A5-4140-427A-881B-71D76BD9F568}.Release|x64.ActiveCfg = Release|x64
		{0A2E59A5-4140-427A-881B-71D76BD9F568}.Release|x64.Build.0 = Release|x64
	EndGlobalSection
	GlobalSection(SolutionProperties) = preSolution
		HideSolutionNode = FALSE
	EndGlobalSection
EndGlobal
